
Microsoft Visual Studio Solution File, Format Version 12.00
# Visual Studio 15
VisualStudioVersion = 15.0.28307.645
MinimumVisualStudioVersion = 10.0.40219.1
Project("{FAE04EC0-301F-11D3-BF4B-00C04F79EFBC}") = "BookListRazor", "BookListRazor\BookListRazor.csproj", "{5FD5ADDE-C732-4F69-BF48-37813A36F2DA}"
EndProject
Global
	GlobalSection(SolutionConfigurationPlatforms) = preSolution
		Debug|Any CPU = Debug|Any CPU
		Release|Any CPU = Release|Any CPU
	EndGlobalSection
	GlobalSection(ProjectConfigurationPlatforms) = postSolution
		{5FD5ADDE-C732-4F69-BF48-37813A36F2DA}.Debug|Any CPU.ActiveCfg = Debug|Any CPU
		{5FD5ADDE-C732-4F69-BF48-37813A36F2DA}.Debug|Any CPU.Build.0 = Debug|Any CPU
		{5FD5ADDE-C732-4F69-BF48-37813A36F2DA}.Release|Any CPU.ActiveCfg = Release|Any CPU
		{5FD5ADDE-C732-4F69-BF48-37813A36F2DA}.Release|Any CPU.Build.0 = Release|Any CPU
	EndGlobalSection
	GlobalSection(SolutionProperties) = preSolution
		HideSolutionNode = FALSE
	EndGlobalSection
	GlobalSection(ExtensibilityGlobals) = postSolution
		SolutionGuid = {BF3E387E-496E-4841-AAAF-84FE53D23C81}
	EndGlobalSection
EndGlobal
